{
  "version": 4,
  "terraform_version": "1.14.9",
  "serial": 34,
  "lineage": "e6fea686-3c99-b48a-a53c-c6571e4f4f7b",
  "outputs": {
    "acr_login_server": {
      "value": "clouddevopscicddevacr.azurecr.io",
      "type": "string"
    },
    "resource_group_name": {
      "value": "clouddevopscicd-dev-rg",
      "type": "string"
    }
  },
  "resources": [
    {
      "mode": "managed",
      "type": "azurerm_application_insights",
      "name": "app_insights",
      "provider": "provider[\"registry.terraform.io/hashicorp/azurerm\"]",
      "instances": [
        {
          "schema_version": 2,
          "attributes": {
            "app_id": "c204d84b-c044-4636-b2c6-c25a41ec6b4f",
            "application_type": "web",
            "connection_string": "InstrumentationKey=35b43521-27f4-4393-8c07-9b026dfe72d3;IngestionEndpoint=https://canadacentral-1.in.applicationinsights.azure.com/;LiveEndpoint=https://canadacentral.livediagnostics.monitor.azure.com/;ApplicationId=c204d84b-c044-4636-b2c6-c25a41ec6b4f",
            "daily_data_cap_in_gb": 100,
            "daily_data_cap_notifications_disabled": false,
            "disable_ip_masking": false,
            "force_customer_storage_for_profiler": false,
            "id": "/subscriptions/89ad71c9-06cd-48d8-ab7d-ef47de44f4e1/resourceGroups/clouddevopscicd-dev-rg/providers/Microsoft.Insights/components/clouddevopscicd-dev-appinsights",
            "instrumentation_key": "35b43521-27f4-4393-8c07-9b026dfe72d3",
            "internet_ingestion_enabled": true,
            "internet_query_enabled": true,
            "local_authentication_disabled": false,
            "location": "canadacentral",
            "name": "clouddevopscicd-dev-appinsights",
            "resource_group_name": "clouddevopscicd-dev-rg",
            "retention_in_days": 90,
            "sampling_percentage": 100,
            "tags": null,
            "timeouts": null,
            "workspace_id": "/subscriptions/89ad71c9-06cd-48d8-ab7d-ef47de44f4e1/resourceGroups/clouddevopscicd-dev-rg/providers/Microsoft.OperationalInsights/workspaces/clouddevopscicd-dev-logs"
          },
          "sensitive_attributes": [
            [
              {
                "type": "get_attr",
                "value": "connection_string"
              }
            ],
            [
              {
                "type": "get_attr",
                "value": "instrumentation_key"
              }
            ]
          ],
          "identity_schema_version": 0,
          "identity": {
            "name": "clouddevopscicd-dev-appinsights",
            "resource_group_name": "clouddevopscicd-dev-rg",
            "subscription_id": "89ad71c9-06cd-48d8-ab7d-ef47de44f4e1"
          },
          "private": "eyJlMmJmYjczMC1lY2FhLTExZTYtOGY4OC0zNDM2M2JjN2M0YzAiOnsiY3JlYXRlIjozNjAwMDAwMDAwMDAwLCJkZWxldGUiOjE4MDAwMDAwMDAwMDAsInJlYWQiOjMwMDAwMDAwMDAwMCwidXBkYXRlIjoxODAwMDAwMDAwMDAwfSwic2NoZW1hX3ZlcnNpb24iOiIyIn0=",
          "dependencies": [
            "azurerm_log_analytics_workspace.logs",
            "azurerm_resource_group.main"
          ]
        }
      ]
    },
    {
      "mode": "managed",
      "type": "azurerm_container_registry",
      "name": "acr",
      "provider": "provider[\"registry.terraform.io/hashicorp/azurerm\"]",
      "instances": [
        {
          "schema_version": 2,
          "attributes": {
            "admin_enabled": true,
            "admin_password": "9we8EHTkEWfIdkaMRd93Cs10tSSNO2BcMQEJQSAUPM3Y5ZaIUQgnJQQJ99CFACBsN54Eqg7NAAACAZCRoPdE",
            "admin_username": "clouddevopscicddevacr",
            "anonymous_pull_enabled": false,
            "data_endpoint_enabled": false,
            "data_endpoint_host_names": [],
            "encryption": [],
            "export_policy_enabled": true,
            "georeplications": [],
            "id": "/subscriptions/89ad71c9-06cd-48d8-ab7d-ef47de44f4e1/resourceGroups/clouddevopscicd-dev-rg/providers/Microsoft.ContainerRegistry/registries/clouddevopscicddevacr",
            "identity": [],
            "location": "canadacentral",
            "login_server": "clouddevopscicddevacr.azurecr.io",
            "name": "clouddevopscicddevacr",
            "network_rule_bypass_option": "AzureServices",
            "network_rule_set": [],
            "public_network_access_enabled": true,
            "quarantine_policy_enabled": false,
            "resource_group_name": "clouddevopscicd-dev-rg",
            "retention_policy_in_days": 0,
            "sku": "Basic",
            "tags": {},
            "timeouts": null,
            "trust_policy_enabled": false,
            "zone_redundancy_enabled": false
          },
          "sensitive_attributes": [
            [
              {
                "type": "get_attr",
                "value": "admin_password"
              }
            ]
          ],
          "identity_schema_version": 0,
          "private": "eyJlMmJmYjczMC1lY2FhLTExZTYtOGY4OC0zNDM2M2JjN2M0YzAiOnsiY3JlYXRlIjoxODAwMDAwMDAwMDAwLCJkZWxldGUiOjE4MDAwMDAwMDAwMDAsInJlYWQiOjMwMDAwMDAwMDAwMCwidXBkYXRlIjoxODAwMDAwMDAwMDAwfSwic2NoZW1hX3ZlcnNpb24iOiIyIn0=",
          "dependencies": [
            "azurerm_resource_group.main"
          ]
        }
      ]
    },
    {
      "mode": "managed",
      "type": "azurerm_log_analytics_workspace",
      "name": "logs",
      "provider": "provider[\"registry.terraform.io/hashicorp/azurerm\"]",
      "instances": [
        {
          "schema_version": 3,
          "attributes": {
            "allow_resource_only_permissions": true,
            "cmk_for_query_forced": false,
            "daily_quota_gb": -1,
            "data_collection_rule_id": "",
            "id": "/subscriptions/89ad71c9-06cd-48d8-ab7d-ef47de44f4e1/resourceGroups/clouddevopscicd-dev-rg/providers/Microsoft.OperationalInsights/workspaces/clouddevopscicd-dev-logs",
            "identity": [],
            "immediate_data_purge_on_30_days_enabled": false,
            "internet_ingestion_enabled": true,
            "internet_query_enabled": true,
            "local_authentication_disabled": false,
            "local_authentication_enabled": true,
            "location": "canadacentral",
            "name": "clouddevopscicd-dev-logs",
            "primary_shared_key": "ZqTpgGbM/4BsXKO3716xPYGGyHrow/7mS1HXNGoVB7GYaLrhpRoyraGIBuKfpIW/jj1O/MmVuFRspUjUAY9rgw==",
            "reservation_capacity_in_gb_per_day": null,
            "resource_group_name": "clouddevopscicd-dev-rg",
            "retention_in_days": 30,
            "secondary_shared_key": "zo8kZBlByuJl3r2XmXK8XAwR8d/812YPn+GOEHxPcmL9i0u+2mmekIBazKmBOAUGJD2yRs46U9uUYL4CMkg9/A==",
            "sku": "PerGB2018",
            "tags": null,
            "timeouts": null,
            "workspace_id": "6406b833-81a3-4c42-8583-5de0555edcf2"
          },
          "sensitive_attributes": [
            [
              {
                "type": "get_attr",
                "value": "primary_shared_key"
              }
            ],
            [
              {
                "type": "get_attr",
                "value": "secondary_shared_key"
              }
            ]
          ],
          "identity_schema_version": 0,
          "private": "eyJlMmJmYjczMC1lY2FhLTExZTYtOGY4OC0zNDM2M2JjN2M0YzAiOnsiY3JlYXRlIjoxODAwMDAwMDAwMDAwLCJkZWxldGUiOjE4MDAwMDAwMDAwMDAsInJlYWQiOjMwMDAwMDAwMDAwMCwidXBkYXRlIjoxODAwMDAwMDAwMDAwfSwic2NoZW1hX3ZlcnNpb24iOiIzIn0=",
          "dependencies": [
            "azurerm_resource_group.main"
          ]
        }
      ]
    },
    {
      "mode": "managed",
      "type": "azurerm_resource_group",
      "name": "main",
      "provider": "provider[\"registry.terraform.io/hashicorp/azurerm\"]",
      "instances": [
        {
          "schema_version": 0,
          "attributes": {
            "id": "/subscriptions/89ad71c9-06cd-48d8-ab7d-ef47de44f4e1/resourceGroups/clouddevopscicd-dev-rg",
            "location": "canadacentral",
            "managed_by": "",
            "name": "clouddevopscicd-dev-rg",
            "tags": {},
            "timeouts": null
          },
          "sensitive_attributes": [],
          "identity_schema_version": 0,
          "identity": {
            "name": "clouddevopscicd-dev-rg",
            "subscription_id": "89ad71c9-06cd-48d8-ab7d-ef47de44f4e1"
          },
          "private": "eyJlMmJmYjczMC1lY2FhLTExZTYtOGY4OC0zNDM2M2JjN2M0YzAiOnsiY3JlYXRlIjo1NDAwMDAwMDAwMDAwLCJkZWxldGUiOjU0MDAwMDAwMDAwMDAsInJlYWQiOjMwMDAwMDAwMDAwMCwidXBkYXRlIjo1NDAwMDAwMDAwMDAwfX0="
        }
      ]
    }
  ],
  "check_results": null
}
