{
  "version": 4,
  "terraform_version": "1.14.9",
  "serial": 4,
  "lineage": "4c22b610-15ea-b09c-ff13-9890a95015b6",
  "outputs": {
    "container_app_name": {
      "value": "azdevopsca-dev-app",
      "type": "string"
    },
    "log_analytics_workspace_name": {
      "value": "azdevopsca-dev-law",
      "type": "string"
    },
    "resource_group_name": {
      "value": "azdevopsca-dev-rg",
      "type": "string"
    }
  },
  "resources": [
    {
      "mode": "managed",
      "type": "azurerm_log_analytics_workspace",
      "name": "main",
      "provider": "provider[\"registry.terraform.io/hashicorp/azurerm\"]",
      "instances": [
        {
          "schema_version": 3,
          "attributes": {
            "allow_resource_only_permissions": true,
            "cmk_for_query_forced": false,
            "daily_quota_gb": -1,
            "data_collection_rule_id": "",
            "id": "/subscriptions/89ad71c9-06cd-48d8-ab7d-ef47de44f4e1/resourceGroups/azdevopsca-dev-rg/providers/Microsoft.OperationalInsights/workspaces/azdevopsca-dev-law",
            "identity": [],
            "immediate_data_purge_on_30_days_enabled": false,
            "internet_ingestion_enabled": true,
            "internet_query_enabled": true,
            "local_authentication_disabled": false,
            "location": "eastus",
            "name": "azdevopsca-dev-law",
            "primary_shared_key": "w/CgqPpXzy1GWD+DFIZH7fueuigodMK2vtCQkVTbn8cRDbjnFtR0hjurmL0evaUZkmYjWkkWaCTStyyFU/q5RA==",
            "reservation_capacity_in_gb_per_day": null,
            "resource_group_name": "azdevopsca-dev-rg",
            "retention_in_days": 30,
            "secondary_shared_key": "ghXZfFA4VpY2148me4X0edV9NK2HUOnIkXT9ojZ8QW7kaQGAiwruVDgNz/+b7ub5+Y6qiAg1ri2XyQG+O9G/uw==",
            "sku": "PerGB2018",
            "tags": {
              "environment": "dev",
              "managed_by": "terraform",
              "project": "azdevopsca"
            },
            "timeouts": null,
            "workspace_id": "bd727f6c-3bbd-43c9-8a35-40108060d462"
          },
          "sensitive_attributes": [
            [
              {
                "type": "get_attr",
                "value": "primary_shared_key"
              }
            ],
            [
              {
                "type": "get_attr",
                "value": "secondary_shared_key"
              }
            ]
          ],
          "identity_schema_version": 0,
          "private": "eyJlMmJmYjczMC1lY2FhLTExZTYtOGY4OC0zNDM2M2JjN2M0YzAiOnsiY3JlYXRlIjoxODAwMDAwMDAwMDAwLCJkZWxldGUiOjE4MDAwMDAwMDAwMDAsInJlYWQiOjMwMDAwMDAwMDAwMCwidXBkYXRlIjoxODAwMDAwMDAwMDAwfSwic2NoZW1hX3ZlcnNpb24iOiIzIn0=",
          "dependencies": [
            "azurerm_resource_group.main"
          ]
        }
      ]
    },
    {
      "mode": "managed",
      "type": "azurerm_resource_group",
      "name": "main",
      "provider": "provider[\"registry.terraform.io/hashicorp/azurerm\"]",
      "instances": [
        {
          "schema_version": 0,
          "attributes": {
            "id": "/subscriptions/89ad71c9-06cd-48d8-ab7d-ef47de44f4e1/resourceGroups/azdevopsca-dev-rg",
            "location": "eastus",
            "managed_by": "",
            "name": "azdevopsca-dev-rg",
            "tags": {
              "environment": "dev",
              "managed_by": "terraform",
              "project": "azdevopsca"
            },
            "timeouts": null
          },
          "sensitive_attributes": [],
          "identity_schema_version": 0,
          "private": "eyJlMmJmYjczMC1lY2FhLTExZTYtOGY4OC0zNDM2M2JjN2M0YzAiOnsiY3JlYXRlIjo1NDAwMDAwMDAwMDAwLCJkZWxldGUiOjU0MDAwMDAwMDAwMDAsInJlYWQiOjMwMDAwMDAwMDAwMCwidXBkYXRlIjo1NDAwMDAwMDAwMDAwfX0="
        }
      ]
    }
  ],
  "check_results": null
}
